
Microsoft Visual Studio Solution File, Format Version 12.00
# Visual Studio Version 16
VisualStudioVersion = 16.0.29911.84
MinimumVisualStudioVersion = 10.0.40219.1
Project("{FAE04EC0-301F-11D3-BF4B-00C04F79EFBC}") = "1.1", "1.1\1.1.csproj", "{9F72CFB5-FE78-4F99-A5EC-6A205E7450A5}"
EndProject
Project("{FAE04EC0-301F-11D3-BF4B-00C04F79EFBC}") = "UnitTests", "UnitTests\UnitTests.csproj", "{9FA7D34E-AECE-42F6-9D79-C4E3329B52A6}"
EndProject
Global
	GlobalSection(SolutionConfigurationPlatforms) = preSolution
		Debug|Any CPU = Debug|Any CPU
		Release|Any CPU = Release|Any CPU
	EndGlobalSection
	GlobalSection(ProjectConfigurationPlatforms) = postSolution
		{9F72CFB5-FE78-4F99-A5EC-6A205E7450A5}.Debug|Any CPU.ActiveCfg = Debug|Any CPU
		{9F72CFB5-FE78-4F99-A5EC-6A205E7450A5}.Debug|Any CPU.Build.0 = Debug|Any CPU
		{9F72CFB5-FE78-4F99-A5EC-6A205E7450A5}.Release|Any CPU.ActiveCfg = Release|Any CPU
		{9F72CFB5-FE78-4F99-A5EC-6A205E7450A5}.Release|Any CPU.Build.0 = Release|Any CPU
		{9FA7D34E-AECE-42F6-9D79-C4E3329B52A6}.Debug|Any CPU.ActiveCfg = Debug|Any CPU
		{9FA7D34E-AECE-42F6-9D79-C4E3329B52A6}.Debug|Any CPU.Build.0 = Debug|Any CPU
		{9FA7D34E-AECE-42F6-9D79-C4E3329B52A6}.Release|Any CPU.ActiveCfg = Release|Any CPU
		{9FA7D34E-AECE-42F6-9D79-C4E3329B52A6}.Release|Any CPU.Build.0 = Release|Any CPU
	EndGlobalSection
	GlobalSection(SolutionProperties) = preSolution
		HideSolutionNode = FALSE
	EndGlobalSection
	GlobalSection(ExtensibilityGlobals) = postSolution
		SolutionGuid = {DD8F33BD-CEC5-4DD6-947A-3EDED927CC62}
	EndGlobalSection
EndGlobal
